
Microsoft Visual Studio Solution File, Format Version 12.00
# Visual Studio Version 17
VisualStudioVersion = 17.13.35828.75 d17.13
MinimumVisualStudioVersion = 10.0.40219.1
Project("{FAE04EC0-301F-11D3-BF4B-00C04F79EFBC}") = "eCommerce.API", "eCommerce.API\eCommerce.API.csproj", "{E47D6C9C-85DB-4733-9203-4CF9B15138D8}"
EndProject
Project("{FAE04EC0-301F-11D3-BF4B-00C04F79EFBC}") = "eCommerce.Infrastructure", "eCommerce.Infrastructure\eCommerce.Infrastructure.csproj", "{877CD495-7787-49CC-B1E6-78E96E0B6ADF}"
EndProject
Project("{FAE04EC0-301F-11D3-BF4B-00C04F79EFBC}") = "eCommerce.Core", "eCommerce.Core\eCommerce.Core.csproj", "{3ABE840E-8FE0-4B84-9B36-113D7BB282F0}"
EndProject
Global
	GlobalSection(SolutionConfigurationPlatforms) = preSolution
		Debug|Any CPU = Debug|Any CPU
		Release|Any CPU = Release|Any CPU
	EndGlobalSection
	GlobalSection(ProjectConfigurationPlatforms) = postSolution
		{E47D6C9C-85DB-4733-9203-4CF9B15138D8}.Debug|Any CPU.ActiveCfg = Debug|Any CPU
		{E47D6C9C-85DB-4733-9203-4CF9B15138D8}.Debug|Any CPU.Build.0 = Debug|Any CPU
		{E47D6C9C-85DB-4733-9203-4CF9B15138D8}.Release|Any CPU.ActiveCfg = Release|Any CPU
		{E47D6C9C-85DB-4733-9203-4CF9B15138D8}.Release|Any CPU.Build.0 = Release|Any CPU
		{877CD495-7787-49CC-B1E6-78E96E0B6ADF}.Debug|Any CPU.ActiveCfg = Debug|Any CPU
		{877CD495-7787-49CC-B1E6-78E96E0B6ADF}.Debug|Any CPU.Build.0 = Debug|Any CPU
		{877CD495-7787-49CC-B1E6-78E96E0B6ADF}.Release|Any CPU.ActiveCfg = Release|Any CPU
		{877CD495-7787-49CC-B1E6-78E96E0B6ADF}.Release|Any CPU.Build.0 = Release|Any CPU
		{3ABE840E-8FE0-4B84-9B36-113D7BB282F0}.Debug|Any CPU.ActiveCfg = Debug|Any CPU
		{3ABE840E-8FE0-4B84-9B36-113D7BB282F0}.Debug|Any CPU.Build.0 = Debug|Any CPU
		{3ABE840E-8FE0-4B84-9B36-113D7BB282F0}.Release|Any CPU.ActiveCfg = Release|Any CPU
		{3ABE840E-8FE0-4B84-9B36-113D7BB282F0}.Release|Any CPU.Build.0 = Release|Any CPU
	EndGlobalSection
	GlobalSection(SolutionProperties) = preSolution
		HideSolutionNode = FALSE
	EndGlobalSection
	GlobalSection(ExtensibilityGlobals) = postSolution
		SolutionGuid = {A8D86197-3E03-4052-8198-D227475EB1AA}
	EndGlobalSection
EndGlobal
